// !$*UTF8*$!
{
	archiveVersion = 1;
	classes = {
	};
	objectVersion = 46;
	objects = {

/* Begin PBXBuildFile section */
		CEEB8E6B23D748040004AA60 /* QBFileModule+React.m in Sources */ = {isa = PBXBuildFile; fileRef = CEEB8DDE23D748040004AA60 /* QBFileModule+React.m */; };
		CEEB8E6C23D748040004AA60 /* RNQBWebRTCView.m in Sources */ = {isa = PBXBuildFile; fileRef = CEEB8DE323D748040004AA60 /* RNQBWebRTCView.m */; };
		CEEB8E6D23D748040004AA60 /* QBAuthModule+React.m in Sources */ = {isa = PBXBuildFile; fileRef = CEEB8DE423D748040004AA60 /* QBAuthModule+React.m */; };
		CEEB8E6E23D748040004AA60 /* QBChatModule+React.m in Sources */ = {isa = PBXBuildFile; fileRef = CEEB8DE923D748040004AA60 /* QBChatModule+React.m */; };
		CEEB8E6F23D748040004AA60 /* QBPushSubscriptionsModule+React.m in Sources */ = {isa = PBXBuildFile; fileRef = CEEB8DEB23D748040004AA60 /* QBPushSubscriptionsModule+React.m */; };
		CEEB8E7023D748040004AA60 /* QBWebRTCModule+React.m in Sources */ = {isa = PBXBuildFile; fileRef = CEEB8DEC23D748040004AA60 /* QBWebRTCModule+React.m */; };
		CEEB8E7123D748040004AA60 /* QBCustomObjectsModule+React.m in Sources */ = {isa = PBXBuildFile; fileRef = CEEB8DED23D748040004AA60 /* QBCustomObjectsModule+React.m */; };
		CEEB8E7223D748040004AA60 /* QBSettingsModule+React.m in Sources */ = {isa = PBXBuildFile; fileRef = CEEB8DEE23D748040004AA60 /* QBSettingsModule+React.m */; };
		CEEB8E7323D748040004AA60 /* QBModule+ReactEmitter.m in Sources */ = {isa = PBXBuildFile; fileRef = CEEB8DF123D748040004AA60 /* QBModule+ReactEmitter.m */; };
		CEEB8E7423D748040004AA60 /* QBUsersModule+React.m in Sources */ = {isa = PBXBuildFile; fileRef = CEEB8DF323D748040004AA60 /* QBUsersModule+React.m */; };
		CEEB8E7523D748040004AA60 /* QBNotificationEventsModule+React.m in Sources */ = {isa = PBXBuildFile; fileRef = CEEB8DF423D748040004AA60 /* QBNotificationEventsModule+React.m */; };
		CEEB8E7623D748040004AA60 /* QBModule+React.m in Sources */ = {isa = PBXBuildFile; fileRef = CEEB8DF523D748040004AA60 /* QBModule+React.m */; };
		CEEB8E7723D748040004AA60 /* QBChatAttachment+QBSerializer.m in Sources */ = {isa = PBXBuildFile; fileRef = CEEB8DFA23D748040004AA60 /* QBChatAttachment+QBSerializer.m */; };
		CEEB8E7823D748040004AA60 /* QBGeneralResponsePage+QBSerializer.m in Sources */ = {isa = PBXBuildFile; fileRef = CEEB8DFC23D748040004AA60 /* QBGeneralResponsePage+QBSerializer.m */; };
		CEEB8E7923D748040004AA60 /* NSArray+QBSerializer.m in Sources */ = {isa = PBXBuildFile; fileRef = CEEB8DFE23D748040004AA60 /* NSArray+QBSerializer.m */; };
		CEEB8E7A23D748040004AA60 /* QBChatMessage+QBSerializer.m in Sources */ = {isa = PBXBuildFile; fileRef = CEEB8E0023D748040004AA60 /* QBChatMessage+QBSerializer.m */; };
		CEEB8E7B23D748040004AA60 /* QBCBlob+QBSerializer.m in Sources */ = {isa = PBXBuildFile; fileRef = CEEB8E0523D748040004AA60 /* QBCBlob+QBSerializer.m */; };
		CEEB8E7C23D748040004AA60 /* NSDictionary+QBSerializer.m in Sources */ = {isa = PBXBuildFile; fileRef = CEEB8E0623D748040004AA60 /* NSDictionary+QBSerializer.m */; };
		CEEB8E7D23D748040004AA60 /* QBResponsePage+QBSerializer.m in Sources */ = {isa = PBXBuildFile; fileRef = CEEB8E0923D748040004AA60 /* QBResponsePage+QBSerializer.m */; };
		CEEB8E7E23D748040004AA60 /* QBMSubscription+QBSerializer.m in Sources */ = {isa = PBXBuildFile; fileRef = CEEB8E0C23D748040004AA60 /* QBMSubscription+QBSerializer.m */; };
		CEEB8E7F23D748040004AA60 /* QBMEvent+QBSerializer.m in Sources */ = {isa = PBXBuildFile; fileRef = CEEB8E0F23D748040004AA60 /* QBMEvent+QBSerializer.m */; };
		CEEB8E8023D748040004AA60 /* QBSession+QBSerializer.m in Sources */ = {isa = PBXBuildFile; fileRef = CEEB8E1123D748040004AA60 /* QBSession+QBSerializer.m */; };
		CEEB8E8123D748040004AA60 /* QBRTCSession+QBSerializer.m in Sources */ = {isa = PBXBuildFile; fileRef = CEEB8E1523D748040004AA60 /* QBRTCSession+QBSerializer.m */; };
		CEEB8E8223D748040004AA60 /* QBUUser+QBSerializer.m in Sources */ = {isa = PBXBuildFile; fileRef = CEEB8E1923D748040004AA60 /* QBUUser+QBSerializer.m */; };
		CEEB8E8323D748040004AA60 /* NSObject+QBSerializer.m in Sources */ = {isa = PBXBuildFile; fileRef = CEEB8E1B23D748040004AA60 /* NSObject+QBSerializer.m */; };
		CEEB8E8423D748040004AA60 /* QBChatDialog+QBSerializer.m in Sources */ = {isa = PBXBuildFile; fileRef = CEEB8E1D23D748040004AA60 /* QBChatDialog+QBSerializer.m */; };
		CEEB8E8523D748040004AA60 /* QBCOCustomObject+QBSerializer.m in Sources */ = {isa = PBXBuildFile; fileRef = CEEB8E2023D748040004AA60 /* QBCOCustomObject+QBSerializer.m */; };
		CEEB8E8623D748040004AA60 /* NSDate+Helper.m in Sources */ = {isa = PBXBuildFile; fileRef = CEEB8E2423D748040004AA60 /* NSDate+Helper.m */; };
		CEEB8E8723D748040004AA60 /* NSError+Helper.m in Sources */ = {isa = PBXBuildFile; fileRef = CEEB8E2523D748040004AA60 /* NSError+Helper.m */; };
		CEEB8E8823D748040004AA60 /* QBResponse+Helper.m in Sources */ = {isa = PBXBuildFile; fileRef = CEEB8E2923D748040004AA60 /* QBResponse+Helper.m */; };
		CEEB8E8923D748040004AA60 /* QBConstants.m in Sources */ = {isa = PBXBuildFile; fileRef = CEEB8E2E23D748040004AA60 /* QBConstants.m */; };
		CEEB8E8A23D748040004AA60 /* QBWebRTCVideoView.m in Sources */ = {isa = PBXBuildFile; fileRef = CEEB8E3023D748040004AA60 /* QBWebRTCVideoView.m */; };
		CEEB8E8B23D748040004AA60 /* QBWebRTCModule.m in Sources */ = {isa = PBXBuildFile; fileRef = CEEB8E3123D748040004AA60 /* QBWebRTCModule.m */; };
		CEEB8E8C23D748040004AA60 /* QBWebRTCConstants.m in Sources */ = {isa = PBXBuildFile; fileRef = CEEB8E3223D748040004AA60 /* QBWebRTCConstants.m */; };
		CEEB8E8D23D748040004AA60 /* QBWebRTCSessionController.m in Sources */ = {isa = PBXBuildFile; fileRef = CEEB8E3323D748040004AA60 /* QBWebRTCSessionController.m */; };
		CEEB8E8E23D748040004AA60 /* QBNotificationEventsModule.m in Sources */ = {isa = PBXBuildFile; fileRef = CEEB8E3B23D748040004AA60 /* QBNotificationEventsModule.m */; };
		CEEB8E8F23D748040004AA60 /* QBAuthModule.m in Sources */ = {isa = PBXBuildFile; fileRef = CEEB8E3F23D748040004AA60 /* QBAuthModule.m */; };
		CEEB8E9023D748040004AA60 /* QBAuthConstants.m in Sources */ = {isa = PBXBuildFile; fileRef = CEEB8E4023D748040004AA60 /* QBAuthConstants.m */; };
		CEEB8E9123D748040004AA60 /* QBModule.m in Sources */ = {isa = PBXBuildFile; fileRef = CEEB8E4123D748040004AA60 /* QBModule.m */; };
		CEEB8E9223D748040004AA60 /* QBUsersModule.m in Sources */ = {isa = PBXBuildFile; fileRef = CEEB8E4323D748040004AA60 /* QBUsersModule.m */; };
		CEEB8E9323D748040004AA60 /* QBUsersConstants.m in Sources */ = {isa = PBXBuildFile; fileRef = CEEB8E4423D748040004AA60 /* QBUsersConstants.m */; };
		CEEB8E9423D748040004AA60 /* QBPushSubscriptionsModule.m in Sources */ = {isa = PBXBuildFile; fileRef = CEEB8E4923D748040004AA60 /* QBPushSubscriptionsModule.m */; };
		CEEB8E9523D748040004AA60 /* QBSettingsModule.m in Sources */ = {isa = PBXBuildFile; fileRef = CEEB8E4D23D748040004AA60 /* QBSettingsModule.m */; };
		CEEB8E9623D748040004AA60 /* QBSettingsConstants.m in Sources */ = {isa = PBXBuildFile; fileRef = CEEB8E4E23D748040004AA60 /* QBSettingsConstants.m */; };
		CEEB8E9723D748040004AA60 /* QBCustomObjectsModule.m in Sources */ = {isa = PBXBuildFile; fileRef = CEEB8E5123D748040004AA60 /* QBCustomObjectsModule.m */; };
		CEEB8E9823D748040004AA60 /* QBCustomObjectsConstants.m in Sources */ = {isa = PBXBuildFile; fileRef = CEEB8E5323D748040004AA60 /* QBCustomObjectsConstants.m */; };
		CEEB8E9923D748040004AA60 /* QBFileModule.m in Sources */ = {isa = PBXBuildFile; fileRef = CEEB8E5823D748040004AA60 /* QBFileModule.m */; };
		CEEB8E9A23D748040004AA60 /* QBFileConstants.m in Sources */ = {isa = PBXBuildFile; fileRef = CEEB8E5923D748040004AA60 /* QBFileConstants.m */; };
		CEEB8E9B23D748040004AA60 /* QBChatModule.m in Sources */ = {isa = PBXBuildFile; fileRef = CEEB8E5B23D748040004AA60 /* QBChatModule.m */; };
		CEEB8E9C23D748040004AA60 /* QBDialogListener.m in Sources */ = {isa = PBXBuildFile; fileRef = CEEB8E5E23D748040004AA60 /* QBDialogListener.m */; };
		CEEB8E9D23D748040004AA60 /* QBChatModule+Typing.m in Sources */ = {isa = PBXBuildFile; fileRef = CEEB8E6123D748040004AA60 /* QBChatModule+Typing.m */; };
		CEEB8E9E23D748040004AA60 /* QBChatModule+Dialogs.m in Sources */ = {isa = PBXBuildFile; fileRef = CEEB8E6223D748040004AA60 /* QBChatModule+Dialogs.m */; };
		CEEB8E9F23D748040004AA60 /* QBChatModule+Connection.m in Sources */ = {isa = PBXBuildFile; fileRef = CEEB8E6323D748040004AA60 /* QBChatModule+Connection.m */; };
		CEEB8EA023D748040004AA60 /* QBChatModule+Ping.m in Sources */ = {isa = PBXBuildFile; fileRef = CEEB8E6623D748040004AA60 /* QBChatModule+Ping.m */; };
		CEEB8EA123D748040004AA60 /* QBChatModule+Messages.m in Sources */ = {isa = PBXBuildFile; fileRef = CEEB8E6823D748040004AA60 /* QBChatModule+Messages.m */; };
		CEEB8EA223D748040004AA60 /* QBChatConstants.m in Sources */ = {isa = PBXBuildFile; fileRef = CEEB8E6923D748040004AA60 /* QBChatConstants.m */; };
/* End PBXBuildFile section */

/* Begin PBXCopyFilesBuildPhase section */
		58B511D91A9E6C8500147676 /* CopyFiles */ = {
			isa = PBXCopyFilesBuildPhase;
			buildActionMask = 2147483647;
			dstPath = "include/$(PRODUCT_NAME)";
			dstSubfolderSpec = 16;
			files = (
			);
			runOnlyForDeploymentPostprocessing = 0;
		};
/* End PBXCopyFilesBuildPhase section */

/* Begin PBXFileReference section */
		134814201AA4EA6300B7C361 /* libRNQbReactnative.a */ = {isa = PBXFileReference; explicitFileType = archive.ar; includeInIndex = 0; path = libRNQbReactnative.a; sourceTree = BUILT_PRODUCTS_DIR; };
		CEEB8DDE23D748040004AA60 /* QBFileModule+React.m */ = {isa = PBXFileReference; fileEncoding = 4; lastKnownFileType = sourcecode.c.objc; path = "QBFileModule+React.m"; sourceTree = "<group>"; };
		CEEB8DDF23D748040004AA60 /* QBCustomObjectsModule+React.h */ = {isa = PBXFileReference; fileEncoding = 4; lastKnownFileType = sourcecode.c.h; path = "QBCustomObjectsModule+React.h"; sourceTree = "<group>"; };
		CEEB8DE023D748040004AA60 /* QBWebRTCModule+React.h */ = {isa = PBXFileReference; fileEncoding = 4; lastKnownFileType = sourcecode.c.h; path = "QBWebRTCModule+React.h"; sourceTree = "<group>"; };
		CEEB8DE123D748040004AA60 /* QBPushSubscriptionsModule+React.h */ = {isa = PBXFileReference; fileEncoding = 4; lastKnownFileType = sourcecode.c.h; path = "QBPushSubscriptionsModule+React.h"; sourceTree = "<group>"; };
		CEEB8DE223D748040004AA60 /* QBModule+ReactEmitter.h */ = {isa = PBXFileReference; fileEncoding = 4; lastKnownFileType = sourcecode.c.h; path = "QBModule+ReactEmitter.h"; sourceTree = "<group>"; };
		CEEB8DE323D748040004AA60 /* RNQBWebRTCView.m */ = {isa = PBXFileReference; fileEncoding = 4; lastKnownFileType = sourcecode.c.objc; path = RNQBWebRTCView.m; sourceTree = "<group>"; };
		CEEB8DE423D748040004AA60 /* QBAuthModule+React.m */ = {isa = PBXFileReference; fileEncoding = 4; lastKnownFileType = sourcecode.c.objc; path = "QBAuthModule+React.m"; sourceTree = "<group>"; };
		CEEB8DE523D748040004AA60 /* QBSettingsModule+React.h */ = {isa = PBXFileReference; fileEncoding = 4; lastKnownFileType = sourcecode.c.h; path = "QBSettingsModule+React.h"; sourceTree = "<group>"; };
		CEEB8DE623D748040004AA60 /* QBModule+React.h */ = {isa = PBXFileReference; fileEncoding = 4; lastKnownFileType = sourcecode.c.h; path = "QBModule+React.h"; sourceTree = "<group>"; };
		CEEB8DE723D748040004AA60 /* QBNotificationEventsModule+React.h */ = {isa = PBXFileReference; fileEncoding = 4; lastKnownFileType = sourcecode.c.h; path = "QBNotificationEventsModule+React.h"; sourceTree = "<group>"; };
		CEEB8DE823D748040004AA60 /* QBUsersModule+React.h */ = {isa = PBXFileReference; fileEncoding = 4; lastKnownFileType = sourcecode.c.h; path = "QBUsersModule+React.h"; sourceTree = "<group>"; };
		CEEB8DE923D748040004AA60 /* QBChatModule+React.m */ = {isa = PBXFileReference; fileEncoding = 4; lastKnownFileType = sourcecode.c.objc; path = "QBChatModule+React.m"; sourceTree = "<group>"; };
		CEEB8DEA23D748040004AA60 /* QBFileModule+React.h */ = {isa = PBXFileReference; fileEncoding = 4; lastKnownFileType = sourcecode.c.h; path = "QBFileModule+React.h"; sourceTree = "<group>"; };
		CEEB8DEB23D748040004AA60 /* QBPushSubscriptionsModule+React.m */ = {isa = PBXFileReference; fileEncoding = 4; lastKnownFileType = sourcecode.c.objc; path = "QBPushSubscriptionsModule+React.m"; sourceTree = "<group>"; };
		CEEB8DEC23D748040004AA60 /* QBWebRTCModule+React.m */ = {isa = PBXFileReference; fileEncoding = 4; lastKnownFileType = sourcecode.c.objc; path = "QBWebRTCModule+React.m"; sourceTree = "<group>"; };
		CEEB8DED23D748040004AA60 /* QBCustomObjectsModule+React.m */ = {isa = PBXFileReference; fileEncoding = 4; lastKnownFileType = sourcecode.c.objc; path = "QBCustomObjectsModule+React.m"; sourceTree = "<group>"; };
		CEEB8DEE23D748040004AA60 /* QBSettingsModule+React.m */ = {isa = PBXFileReference; fileEncoding = 4; lastKnownFileType = sourcecode.c.objc; path = "QBSettingsModule+React.m"; sourceTree = "<group>"; };
		CEEB8DEF23D748040004AA60 /* QBAuthModule+React.h */ = {isa = PBXFileReference; fileEncoding = 4; lastKnownFileType = sourcecode.c.h; path = "QBAuthModule+React.h"; sourceTree = "<group>"; };
		CEEB8DF023D748040004AA60 /* RNQBWebRTCView.h */ = {isa = PBXFileReference; fileEncoding = 4; lastKnownFileType = sourcecode.c.h; path = RNQBWebRTCView.h; sourceTree = "<group>"; };
		CEEB8DF123D748040004AA60 /* QBModule+ReactEmitter.m */ = {isa = PBXFileReference; fileEncoding = 4; lastKnownFileType = sourcecode.c.objc; path = "QBModule+ReactEmitter.m"; sourceTree = "<group>"; };
		CEEB8DF223D748040004AA60 /* QBChatModule+React.h */ = {isa = PBXFileReference; fileEncoding = 4; lastKnownFileType = sourcecode.c.h; path = "QBChatModule+React.h"; sourceTree = "<group>"; };
		CEEB8DF323D748040004AA60 /* QBUsersModule+React.m */ = {isa = PBXFileReference; fileEncoding = 4; lastKnownFileType = sourcecode.c.objc; path = "QBUsersModule+React.m"; sourceTree = "<group>"; };
		CEEB8DF423D748040004AA60 /* QBNotificationEventsModule+React.m */ = {isa = PBXFileReference; fileEncoding = 4; lastKnownFileType = sourcecode.c.objc; path = "QBNotificationEventsModule+React.m"; sourceTree = "<group>"; };
		CEEB8DF523D748040004AA60 /* QBModule+React.m */ = {isa = PBXFileReference; fileEncoding = 4; lastKnownFileType = sourcecode.c.objc; path = "QBModule+React.m"; sourceTree = "<group>"; };
		CEEB8DF923D748040004AA60 /* QBChatAttachment+QBSerializer.h */ = {isa = PBXFileReference; fileEncoding = 4; lastKnownFileType = sourcecode.c.h; path = "QBChatAttachment+QBSerializer.h"; sourceTree = "<group>"; };
		CEEB8DFA23D748040004AA60 /* QBChatAttachment+QBSerializer.m */ = {isa = PBXFileReference; fileEncoding = 4; lastKnownFileType = sourcecode.c.objc; path = "QBChatAttachment+QBSerializer.m"; sourceTree = "<group>"; };
		CEEB8DFC23D748040004AA60 /* QBGeneralResponsePage+QBSerializer.m */ = {isa = PBXFileReference; fileEncoding = 4; lastKnownFileType = sourcecode.c.objc; path = "QBGeneralResponsePage+QBSerializer.m"; sourceTree = "<group>"; };
		CEEB8DFD23D748040004AA60 /* QBGeneralResponsePage+QBSerializer.h */ = {isa = PBXFileReference; fileEncoding = 4; lastKnownFileType = sourcecode.c.h; path = "QBGeneralResponsePage+QBSerializer.h"; sourceTree = "<group>"; };
		CEEB8DFE23D748040004AA60 /* NSArray+QBSerializer.m */ = {isa = PBXFileReference; fileEncoding = 4; lastKnownFileType = sourcecode.c.objc; path = "NSArray+QBSerializer.m"; sourceTree = "<group>"; };
		CEEB8E0023D748040004AA60 /* QBChatMessage+QBSerializer.m */ = {isa = PBXFileReference; fileEncoding = 4; lastKnownFileType = sourcecode.c.objc; path = "QBChatMessage+QBSerializer.m"; sourceTree = "<group>"; };
		CEEB8E0123D748040004AA60 /* QBChatMessage+QBSerializer.h */ = {isa = PBXFileReference; fileEncoding = 4; lastKnownFileType = sourcecode.c.h; path = "QBChatMessage+QBSerializer.h"; sourceTree = "<group>"; };
		CEEB8E0223D748040004AA60 /* NSObject+QBSerializer.h */ = {isa = PBXFileReference; fileEncoding = 4; lastKnownFileType = sourcecode.c.h; path = "NSObject+QBSerializer.h"; sourceTree = "<group>"; };
		CEEB8E0423D748040004AA60 /* QBCBlob+QBSerializer.h */ = {isa = PBXFileReference; fileEncoding = 4; lastKnownFileType = sourcecode.c.h; path = "QBCBlob+QBSerializer.h"; sourceTree = "<group>"; };
		CEEB8E0523D748040004AA60 /* QBCBlob+QBSerializer.m */ = {isa = PBXFileReference; fileEncoding = 4; lastKnownFileType = sourcecode.c.objc; path = "QBCBlob+QBSerializer.m"; sourceTree = "<group>"; };
		CEEB8E0623D748040004AA60 /* NSDictionary+QBSerializer.m */ = {isa = PBXFileReference; fileEncoding = 4; lastKnownFileType = sourcecode.c.objc; path = "NSDictionary+QBSerializer.m"; sourceTree = "<group>"; };
		CEEB8E0823D748040004AA60 /* QBResponsePage+QBSerializer.h */ = {isa = PBXFileReference; fileEncoding = 4; lastKnownFileType = sourcecode.c.h; path = "QBResponsePage+QBSerializer.h"; sourceTree = "<group>"; };
		CEEB8E0923D748040004AA60 /* QBResponsePage+QBSerializer.m */ = {isa = PBXFileReference; fileEncoding = 4; lastKnownFileType = sourcecode.c.objc; path = "QBResponsePage+QBSerializer.m"; sourceTree = "<group>"; };
		CEEB8E0B23D748040004AA60 /* QBMSubscription+QBSerializer.h */ = {isa = PBXFileReference; fileEncoding = 4; lastKnownFileType = sourcecode.c.h; path = "QBMSubscription+QBSerializer.h"; sourceTree = "<group>"; };
		CEEB8E0C23D748040004AA60 /* QBMSubscription+QBSerializer.m */ = {isa = PBXFileReference; fileEncoding = 4; lastKnownFileType = sourcecode.c.objc; path = "QBMSubscription+QBSerializer.m"; sourceTree = "<group>"; };
		CEEB8E0E23D748040004AA60 /* QBMEvent+QBSerializer.h */ = {isa = PBXFileReference; fileEncoding = 4; lastKnownFileType = sourcecode.c.h; path = "QBMEvent+QBSerializer.h"; sourceTree = "<group>"; };
		CEEB8E0F23D748040004AA60 /* QBMEvent+QBSerializer.m */ = {isa = PBXFileReference; fileEncoding = 4; lastKnownFileType = sourcecode.c.objc; path = "QBMEvent+QBSerializer.m"; sourceTree = "<group>"; };
		CEEB8E1123D748040004AA60 /* QBSession+QBSerializer.m */ = {isa = PBXFileReference; fileEncoding = 4; lastKnownFileType = sourcecode.c.objc; path = "QBSession+QBSerializer.m"; sourceTree = "<group>"; };
		CEEB8E1223D748040004AA60 /* QBSession+QBSerializer.h */ = {isa = PBXFileReference; fileEncoding = 4; lastKnownFileType = sourcecode.c.h; path = "QBSession+QBSerializer.h"; sourceTree = "<group>"; };
		CEEB8E1423D748040004AA60 /* QBRTCSession+QBSerializer.h */ = {isa = PBXFileReference; fileEncoding = 4; lastKnownFileType = sourcecode.c.h; path = "QBRTCSession+QBSerializer.h"; sourceTree = "<group>"; };
		CEEB8E1523D748040004AA60 /* QBRTCSession+QBSerializer.m */ = {isa = PBXFileReference; fileEncoding = 4; lastKnownFileType = sourcecode.c.objc; path = "QBRTCSession+QBSerializer.m"; sourceTree = "<group>"; };
		CEEB8E1623D748040004AA60 /* NSArray+QBSerializer.h */ = {isa = PBXFileReference; fileEncoding = 4; lastKnownFileType = sourcecode.c.h; path = "NSArray+QBSerializer.h"; sourceTree = "<group>"; };
		CEEB8E1823D748040004AA60 /* QBUUser+QBSerializer.h */ = {isa = PBXFileReference; fileEncoding = 4; lastKnownFileType = sourcecode.c.h; path = "QBUUser+QBSerializer.h"; sourceTree = "<group>"; };
		CEEB8E1923D748040004AA60 /* QBUUser+QBSerializer.m */ = {isa = PBXFileReference; fileEncoding = 4; lastKnownFileType = sourcecode.c.objc; path = "QBUUser+QBSerializer.m"; sourceTree = "<group>"; };
		CEEB8E1A23D748040004AA60 /* NSDictionary+QBSerializer.h */ = {isa = PBXFileReference; fileEncoding = 4; lastKnownFileType = sourcecode.c.h; path = "NSDictionary+QBSerializer.h"; sourceTree = "<group>"; };
		CEEB8E1B23D748040004AA60 /* NSObject+QBSerializer.m */ = {isa = PBXFileReference; fileEncoding = 4; lastKnownFileType = sourcecode.c.objc; path = "NSObject+QBSerializer.m"; sourceTree = "<group>"; };
		CEEB8E1D23D748040004AA60 /* QBChatDialog+QBSerializer.m */ = {isa = PBXFileReference; fileEncoding = 4; lastKnownFileType = sourcecode.c.objc; path = "QBChatDialog+QBSerializer.m"; sourceTree = "<group>"; };
		CEEB8E1E23D748040004AA60 /* QBChatDialog+QBSerializer.h */ = {isa = PBXFileReference; fileEncoding = 4; lastKnownFileType = sourcecode.c.h; path = "QBChatDialog+QBSerializer.h"; sourceTree = "<group>"; };
		CEEB8E2023D748040004AA60 /* QBCOCustomObject+QBSerializer.m */ = {isa = PBXFileReference; fileEncoding = 4; lastKnownFileType = sourcecode.c.objc; path = "QBCOCustomObject+QBSerializer.m"; sourceTree = "<group>"; };
		CEEB8E2123D748040004AA60 /* QBCOCustomObject+QBSerializer.h */ = {isa = PBXFileReference; fileEncoding = 4; lastKnownFileType = sourcecode.c.h; path = "QBCOCustomObject+QBSerializer.h"; sourceTree = "<group>"; };
		CEEB8E2223D748040004AA60 /* QBSerializerProtocol.h */ = {isa = PBXFileReference; fileEncoding = 4; lastKnownFileType = sourcecode.c.h; path = QBSerializerProtocol.h; sourceTree = "<group>"; };
		CEEB8E2423D748040004AA60 /* NSDate+Helper.m */ = {isa = PBXFileReference; fileEncoding = 4; lastKnownFileType = sourcecode.c.objc; path = "NSDate+Helper.m"; sourceTree = "<group>"; };
		CEEB8E2523D748040004AA60 /* NSError+Helper.m */ = {isa = PBXFileReference; fileEncoding = 4; lastKnownFileType = sourcecode.c.objc; path = "NSError+Helper.m"; sourceTree = "<group>"; };
		CEEB8E2623D748040004AA60 /* QBResponse+Helper.h */ = {isa = PBXFileReference; fileEncoding = 4; lastKnownFileType = sourcecode.c.h; path = "QBResponse+Helper.h"; sourceTree = "<group>"; };
		CEEB8E2723D748040004AA60 /* NSDate+Helper.h */ = {isa = PBXFileReference; fileEncoding = 4; lastKnownFileType = sourcecode.c.h; path = "NSDate+Helper.h"; sourceTree = "<group>"; };
		CEEB8E2823D748040004AA60 /* NSError+Helper.h */ = {isa = PBXFileReference; fileEncoding = 4; lastKnownFileType = sourcecode.c.h; path = "NSError+Helper.h"; sourceTree = "<group>"; };
		CEEB8E2923D748040004AA60 /* QBResponse+Helper.m */ = {isa = PBXFileReference; fileEncoding = 4; lastKnownFileType = sourcecode.c.objc; path = "QBResponse+Helper.m"; sourceTree = "<group>"; };
		CEEB8E2B23D748040004AA60 /* QBBridgeMethod.h */ = {isa = PBXFileReference; fileEncoding = 4; lastKnownFileType = sourcecode.c.h; path = QBBridgeMethod.h; sourceTree = "<group>"; };
		CEEB8E2C23D748040004AA60 /* QBModule.h */ = {isa = PBXFileReference; fileEncoding = 4; lastKnownFileType = sourcecode.c.h; path = QBModule.h; sourceTree = "<group>"; };
		CEEB8E2D23D748040004AA60 /* QBConstants.h */ = {isa = PBXFileReference; fileEncoding = 4; lastKnownFileType = sourcecode.c.h; path = QBConstants.h; sourceTree = "<group>"; };
		CEEB8E2E23D748040004AA60 /* QBConstants.m */ = {isa = PBXFileReference; fileEncoding = 4; lastKnownFileType = sourcecode.c.objc; path = QBConstants.m; sourceTree = "<group>"; };
		CEEB8E3023D748040004AA60 /* QBWebRTCVideoView.m */ = {isa = PBXFileReference; fileEncoding = 4; lastKnownFileType = sourcecode.c.objc; path = QBWebRTCVideoView.m; sourceTree = "<group>"; };
		CEEB8E3123D748040004AA60 /* QBWebRTCModule.m */ = {isa = PBXFileReference; fileEncoding = 4; lastKnownFileType = sourcecode.c.objc; path = QBWebRTCModule.m; sourceTree = "<group>"; };
		CEEB8E3223D748040004AA60 /* QBWebRTCConstants.m */ = {isa = PBXFileReference; fileEncoding = 4; lastKnownFileType = sourcecode.c.objc; path = QBWebRTCConstants.m; sourceTree = "<group>"; };
		CEEB8E3323D748040004AA60 /* QBWebRTCSessionController.m */ = {isa = PBXFileReference; fileEncoding = 4; lastKnownFileType = sourcecode.c.objc; path = QBWebRTCSessionController.m; sourceTree = "<group>"; };
		CEEB8E3423D748040004AA60 /* QBWebRTCVideoView.h */ = {isa = PBXFileReference; fileEncoding = 4; lastKnownFileType = sourcecode.c.h; path = QBWebRTCVideoView.h; sourceTree = "<group>"; };
		CEEB8E3523D748040004AA60 /* QBWebRTCSessionControllerCache.h */ = {isa = PBXFileReference; fileEncoding = 4; lastKnownFileType = sourcecode.c.h; path = QBWebRTCSessionControllerCache.h; sourceTree = "<group>"; };
		CEEB8E3623D748040004AA60 /* QBWebRTCModule.h */ = {isa = PBXFileReference; fileEncoding = 4; lastKnownFileType = sourcecode.c.h; path = QBWebRTCModule.h; sourceTree = "<group>"; };
		CEEB8E3723D748040004AA60 /* QBWebRTCConstants.h */ = {isa = PBXFileReference; fileEncoding = 4; lastKnownFileType = sourcecode.c.h; path = QBWebRTCConstants.h; sourceTree = "<group>"; };
		CEEB8E3823D748040004AA60 /* QBWebRTCSessionController.h */ = {isa = PBXFileReference; fileEncoding = 4; lastKnownFileType = sourcecode.c.h; path = QBWebRTCSessionController.h; sourceTree = "<group>"; };
		CEEB8E3A23D748040004AA60 /* QBNotificationEventsModule.h */ = {isa = PBXFileReference; fileEncoding = 4; lastKnownFileType = sourcecode.c.h; path = QBNotificationEventsModule.h; sourceTree = "<group>"; };
		CEEB8E3B23D748040004AA60 /* QBNotificationEventsModule.m */ = {isa = PBXFileReference; fileEncoding = 4; lastKnownFileType = sourcecode.c.objc; path = QBNotificationEventsModule.m; sourceTree = "<group>"; };
		CEEB8E3D23D748040004AA60 /* QBAuthModule.h */ = {isa = PBXFileReference; fileEncoding = 4; lastKnownFileType = sourcecode.c.h; path = QBAuthModule.h; sourceTree = "<group>"; };
		CEEB8E3E23D748040004AA60 /* QBAuthConstants.h */ = {isa = PBXFileReference; fileEncoding = 4; lastKnownFileType = sourcecode.c.h; path = QBAuthConstants.h; sourceTree = "<group>"; };
		CEEB8E3F23D748040004AA60 /* QBAuthModule.m */ = {isa = PBXFileReference; fileEncoding = 4; lastKnownFileType = sourcecode.c.objc; path = QBAuthModule.m; sourceTree = "<group>"; };
		CEEB8E4023D748040004AA60 /* QBAuthConstants.m */ = {isa = PBXFileReference; fileEncoding = 4; lastKnownFileType = sourcecode.c.objc; path = QBAuthConstants.m; sourceTree = "<group>"; };
		CEEB8E4123D748040004AA60 /* QBModule.m */ = {isa = PBXFileReference; fileEncoding = 4; lastKnownFileType = sourcecode.c.objc; path = QBModule.m; sourceTree = "<group>"; };
		CEEB8E4323D748040004AA60 /* QBUsersModule.m */ = {isa = PBXFileReference; fileEncoding = 4; lastKnownFileType = sourcecode.c.objc; path = QBUsersModule.m; sourceTree = "<group>"; };
		CEEB8E4423D748040004AA60 /* QBUsersConstants.m */ = {isa = PBXFileReference; fileEncoding = 4; lastKnownFileType = sourcecode.c.objc; path = QBUsersConstants.m; sourceTree = "<group>"; };
		CEEB8E4523D748040004AA60 /* QBUsersModule.h */ = {isa = PBXFileReference; fileEncoding = 4; lastKnownFileType = sourcecode.c.h; path = QBUsersModule.h; sourceTree = "<group>"; };
		CEEB8E4623D748040004AA60 /* QBUsersConstants.h */ = {isa = PBXFileReference; fileEncoding = 4; lastKnownFileType = sourcecode.c.h; path = QBUsersConstants.h; sourceTree = "<group>"; };
		CEEB8E4823D748040004AA60 /* QBPushSubscriptionsModule.h */ = {isa = PBXFileReference; fileEncoding = 4; lastKnownFileType = sourcecode.c.h; path = QBPushSubscriptionsModule.h; sourceTree = "<group>"; };
		CEEB8E4923D748040004AA60 /* QBPushSubscriptionsModule.m */ = {isa = PBXFileReference; fileEncoding = 4; lastKnownFileType = sourcecode.c.objc; path = QBPushSubscriptionsModule.m; sourceTree = "<group>"; };
		CEEB8E4B23D748040004AA60 /* QBSettingsModule.h */ = {isa = PBXFileReference; fileEncoding = 4; lastKnownFileType = sourcecode.c.h; path = QBSettingsModule.h; sourceTree = "<group>"; };
		CEEB8E4C23D748040004AA60 /* QBSettingsConstants.h */ = {isa = PBXFileReference; fileEncoding = 4; lastKnownFileType = sourcecode.c.h; path = QBSettingsConstants.h; sourceTree = "<group>"; };
		CEEB8E4D23D748040004AA60 /* QBSettingsModule.m */ = {isa = PBXFileReference; fileEncoding = 4; lastKnownFileType = sourcecode.c.objc; path = QBSettingsModule.m; sourceTree = "<group>"; };
		CEEB8E4E23D748040004AA60 /* QBSettingsConstants.m */ = {isa = PBXFileReference; fileEncoding = 4; lastKnownFileType = sourcecode.c.objc; path = QBSettingsConstants.m; sourceTree = "<group>"; };
		CEEB8E5023D748040004AA60 /* QBCustomObjectsConstants.h */ = {isa = PBXFileReference; fileEncoding = 4; lastKnownFileType = sourcecode.c.h; path = QBCustomObjectsConstants.h; sourceTree = "<group>"; };
		CEEB8E5123D748040004AA60 /* QBCustomObjectsModule.m */ = {isa = PBXFileReference; fileEncoding = 4; lastKnownFileType = sourcecode.c.objc; path = QBCustomObjectsModule.m; sourceTree = "<group>"; };
		CEEB8E5223D748040004AA60 /* QBCustomObjectsModule.h */ = {isa = PBXFileReference; fileEncoding = 4; lastKnownFileType = sourcecode.c.h; path = QBCustomObjectsModule.h; sourceTree = "<group>"; };
		CEEB8E5323D748040004AA60 /* QBCustomObjectsConstants.m */ = {isa = PBXFileReference; fileEncoding = 4; lastKnownFileType = sourcecode.c.objc; path = QBCustomObjectsConstants.m; sourceTree = "<group>"; };
		CEEB8E5623D748040004AA60 /* QBFileConstants.h */ = {isa = PBXFileReference; fileEncoding = 4; lastKnownFileType = sourcecode.c.h; path = QBFileConstants.h; sourceTree = "<group>"; };
		CEEB8E5723D748040004AA60 /* QBFileModule.h */ = {isa = PBXFileReference; fileEncoding = 4; lastKnownFileType = sourcecode.c.h; path = QBFileModule.h; sourceTree = "<group>"; };
		CEEB8E5823D748040004AA60 /* QBFileModule.m */ = {isa = PBXFileReference; fileEncoding = 4; lastKnownFileType = sourcecode.c.objc; path = QBFileModule.m; sourceTree = "<group>"; };
		CEEB8E5923D748040004AA60 /* QBFileConstants.m */ = {isa = PBXFileReference; fileEncoding = 4; lastKnownFileType = sourcecode.c.objc; path = QBFileConstants.m; sourceTree = "<group>"; };
		CEEB8E5B23D748040004AA60 /* QBChatModule.m */ = {isa = PBXFileReference; fileEncoding = 4; lastKnownFileType = sourcecode.c.objc; path = QBChatModule.m; sourceTree = "<group>"; };
		CEEB8E5C23D748040004AA60 /* QBChatModule+Connection.h */ = {isa = PBXFileReference; fileEncoding = 4; lastKnownFileType = sourcecode.c.h; path = "QBChatModule+Connection.h"; sourceTree = "<group>"; };
		CEEB8E5D23D748040004AA60 /* QBChatModule+Ping.h */ = {isa = PBXFileReference; fileEncoding = 4; lastKnownFileType = sourcecode.c.h; path = "QBChatModule+Ping.h"; sourceTree = "<group>"; };
		CEEB8E5E23D748040004AA60 /* QBDialogListener.m */ = {isa = PBXFileReference; fileEncoding = 4; lastKnownFileType = sourcecode.c.objc; path = QBDialogListener.m; sourceTree = "<group>"; };
		CEEB8E5F23D748040004AA60 /* QBChatConstants.h */ = {isa = PBXFileReference; fileEncoding = 4; lastKnownFileType = sourcecode.c.h; path = QBChatConstants.h; sourceTree = "<group>"; };
		CEEB8E6023D748040004AA60 /* QBChatModule+Messages.h */ = {isa = PBXFileReference; fileEncoding = 4; lastKnownFileType = sourcecode.c.h; path = "QBChatModule+Messages.h"; sourceTree = "<group>"; };
		CEEB8E6123D748040004AA60 /* QBChatModule+Typing.m */ = {isa = PBXFileReference; fileEncoding = 4; lastKnownFileType = sourcecode.c.objc; path = "QBChatModule+Typing.m"; sourceTree = "<group>"; };
		CEEB8E6223D748040004AA60 /* QBChatModule+Dialogs.m */ = {isa = PBXFileReference; fileEncoding = 4; lastKnownFileType = sourcecode.c.objc; path = "QBChatModule+Dialogs.m"; sourceTree = "<group>"; };
		CEEB8E6323D748040004AA60 /* QBChatModule+Connection.m */ = {isa = PBXFileReference; fileEncoding = 4; lastKnownFileType = sourcecode.c.objc; path = "QBChatModule+Connection.m"; sourceTree = "<group>"; };
		CEEB8E6423D748040004AA60 /* QBChatModule.h */ = {isa = PBXFileReference; fileEncoding = 4; lastKnownFileType = sourcecode.c.h; path = QBChatModule.h; sourceTree = "<group>"; };
		CEEB8E6523D748040004AA60 /* QBDialogListener.h */ = {isa = PBXFileReference; fileEncoding = 4; lastKnownFileType = sourcecode.c.h; path = QBDialogListener.h; sourceTree = "<group>"; };
		CEEB8E6623D748040004AA60 /* QBChatModule+Ping.m */ = {isa = PBXFileReference; fileEncoding = 4; lastKnownFileType = sourcecode.c.objc; path = "QBChatModule+Ping.m"; sourceTree = "<group>"; };
		CEEB8E6723D748040004AA60 /* QBChatModule+Typing.h */ = {isa = PBXFileReference; fileEncoding = 4; lastKnownFileType = sourcecode.c.h; path = "QBChatModule+Typing.h"; sourceTree = "<group>"; };
		CEEB8E6823D748040004AA60 /* QBChatModule+Messages.m */ = {isa = PBXFileReference; fileEncoding = 4; lastKnownFileType = sourcecode.c.objc; path = "QBChatModule+Messages.m"; sourceTree = "<group>"; };
		CEEB8E6923D748040004AA60 /* QBChatConstants.m */ = {isa = PBXFileReference; fileEncoding = 4; lastKnownFileType = sourcecode.c.objc; path = QBChatConstants.m; sourceTree = "<group>"; };
		CEEB8E6A23D748040004AA60 /* QBChatModule+Dialogs.h */ = {isa = PBXFileReference; fileEncoding = 4; lastKnownFileType = sourcecode.c.h; path = "QBChatModule+Dialogs.h"; sourceTree = "<group>"; };
/* End PBXFileReference section */

/* Begin PBXFrameworksBuildPhase section */
		58B511D81A9E6C8500147676 /* Frameworks */ = {
			isa = PBXFrameworksBuildPhase;
			buildActionMask = 2147483647;
			files = (
			);
			runOnlyForDeploymentPostprocessing = 0;
		};
/* End PBXFrameworksBuildPhase section */

/* Begin PBXGroup section */
		134814211AA4EA7D00B7C361 /* Products */ = {
			isa = PBXGroup;
			children = (
				134814201AA4EA6300B7C361 /* libRNQbReactnative.a */,
			);
			name = Products;
			sourceTree = "<group>";
		};
		456089C62297D16E001CB3BC /* Frameworks */ = {
			isa = PBXGroup;
			children = (
			);
			name = Frameworks;
			sourceTree = "<group>";
		};
		58B511D21A9E6C8500147676 = {
			isa = PBXGroup;
			children = (
				CEEB8DF623D748040004AA60 /* QBPlatformCore */,
				CEEB8DDD23D748040004AA60 /* QBReactInterface */,
				134814211AA4EA7D00B7C361 /* Products */,
				456089C62297D16E001CB3BC /* Frameworks */,
			);
			sourceTree = "<group>";
		};
		CEEB8DDD23D748040004AA60 /* QBReactInterface */ = {
			isa = PBXGroup;
			children = (
				CEEB8DDE23D748040004AA60 /* QBFileModule+React.m */,
				CEEB8DDF23D748040004AA60 /* QBCustomObjectsModule+React.h */,
				CEEB8DE023D748040004AA60 /* QBWebRTCModule+React.h */,
				CEEB8DE123D748040004AA60 /* QBPushSubscriptionsModule+React.h */,
				CEEB8DE223D748040004AA60 /* QBModule+ReactEmitter.h */,
				CEEB8DE323D748040004AA60 /* RNQBWebRTCView.m */,
				CEEB8DE423D748040004AA60 /* QBAuthModule+React.m */,
				CEEB8DE523D748040004AA60 /* QBSettingsModule+React.h */,
				CEEB8DE623D748040004AA60 /* QBModule+React.h */,
				CEEB8DE723D748040004AA60 /* QBNotificationEventsModule+React.h */,
				CEEB8DE823D748040004AA60 /* QBUsersModule+React.h */,
				CEEB8DE923D748040004AA60 /* QBChatModule+React.m */,
				CEEB8DEA23D748040004AA60 /* QBFileModule+React.h */,
				CEEB8DEB23D748040004AA60 /* QBPushSubscriptionsModule+React.m */,
				CEEB8DEC23D748040004AA60 /* QBWebRTCModule+React.m */,
				CEEB8DED23D748040004AA60 /* QBCustomObjectsModule+React.m */,
				CEEB8DEE23D748040004AA60 /* QBSettingsModule+React.m */,
				CEEB8DEF23D748040004AA60 /* QBAuthModule+React.h */,
				CEEB8DF023D748040004AA60 /* RNQBWebRTCView.h */,
				CEEB8DF123D748040004AA60 /* QBModule+ReactEmitter.m */,
				CEEB8DF223D748040004AA60 /* QBChatModule+React.h */,
				CEEB8DF323D748040004AA60 /* QBUsersModule+React.m */,
				CEEB8DF423D748040004AA60 /* QBNotificationEventsModule+React.m */,
				CEEB8DF523D748040004AA60 /* QBModule+React.m */,
			);
			path = QBReactInterface;
			sourceTree = "<group>";
		};
		CEEB8DF623D748040004AA60 /* QBPlatformCore */ = {
			isa = PBXGroup;
			children = (
				CEEB8DF723D748040004AA60 /* QBSerializer */,
				CEEB8E2323D748040004AA60 /* Extentions */,
				CEEB8E2A23D748040004AA60 /* QBCore */,
			);
			path = QBPlatformCore;
			sourceTree = "<group>";
		};
		CEEB8DF723D748040004AA60 /* QBSerializer */ = {
			isa = PBXGroup;
			children = (
				CEEB8DF823D748040004AA60 /* QBChatAttachment */,
				CEEB8DFB23D748040004AA60 /* QBGeneralResponsePage */,
				CEEB8DFE23D748040004AA60 /* NSArray+QBSerializer.m */,
				CEEB8DFF23D748040004AA60 /* QBMessage */,
				CEEB8E0223D748040004AA60 /* NSObject+QBSerializer.h */,
				CEEB8E0323D748040004AA60 /* QBBlob */,
				CEEB8E0623D748040004AA60 /* NSDictionary+QBSerializer.m */,
				CEEB8E0723D748040004AA60 /* QBResponsePage */,
				CEEB8E0A23D748040004AA60 /* QBMSubscription */,
				CEEB8E0D23D748040004AA60 /* QBMEvent */,
				CEEB8E1023D748040004AA60 /* QBSession */,
				CEEB8E1323D748040004AA60 /* QBRTCSession */,
				CEEB8E1623D748040004AA60 /* NSArray+QBSerializer.h */,
				CEEB8E1723D748040004AA60 /* QBUser */,
				CEEB8E1A23D748040004AA60 /* NSDictionary+QBSerializer.h */,
				CEEB8E1B23D748040004AA60 /* NSObject+QBSerializer.m */,
				CEEB8E1C23D748040004AA60 /* QBDialog */,
				CEEB8E1F23D748040004AA60 /* QBCustomObject */,
				CEEB8E2223D748040004AA60 /* QBSerializerProtocol.h */,
			);
			path = QBSerializer;
			sourceTree = "<group>";
		};
		CEEB8DF823D748040004AA60 /* QBChatAttachment */ = {
			isa = PBXGroup;
			children = (
				CEEB8DF923D748040004AA60 /* QBChatAttachment+QBSerializer.h */,
				CEEB8DFA23D748040004AA60 /* QBChatAttachment+QBSerializer.m */,
			);
			path = QBChatAttachment;
			sourceTree = "<group>";
		};
		CEEB8DFB23D748040004AA60 /* QBGeneralResponsePage */ = {
			isa = PBXGroup;
			children = (
				CEEB8DFC23D748040004AA60 /* QBGeneralResponsePage+QBSerializer.m */,
				CEEB8DFD23D748040004AA60 /* QBGeneralResponsePage+QBSerializer.h */,
			);
			path = QBGeneralResponsePage;
			sourceTree = "<group>";
		};
		CEEB8DFF23D748040004AA60 /* QBMessage */ = {
			isa = PBXGroup;
			children = (
				CEEB8E0023D748040004AA60 /* QBChatMessage+QBSerializer.m */,
				CEEB8E0123D748040004AA60 /* QBChatMessage+QBSerializer.h */,
			);
			path = QBMessage;
			sourceTree = "<group>";
		};
		CEEB8E0323D748040004AA60 /* QBBlob */ = {
			isa = PBXGroup;
			children = (
				CEEB8E0423D748040004AA60 /* QBCBlob+QBSerializer.h */,
				CEEB8E0523D748040004AA60 /* QBCBlob+QBSerializer.m */,
			);
			path = QBBlob;
			sourceTree = "<group>";
		};
		CEEB8E0723D748040004AA60 /* QBResponsePage */ = {
			isa = PBXGroup;
			children = (
				CEEB8E0823D748040004AA60 /* QBResponsePage+QBSerializer.h */,
				CEEB8E0923D748040004AA60 /* QBResponsePage+QBSerializer.m */,
			);
			path = QBResponsePage;
			sourceTree = "<group>";
		};
		CEEB8E0A23D748040004AA60 /* QBMSubscription */ = {
			isa = PBXGroup;
			children = (
				CEEB8E0B23D748040004AA60 /* QBMSubscription+QBSerializer.h */,
				CEEB8E0C23D748040004AA60 /* QBMSubscription+QBSerializer.m */,
			);
			path = QBMSubscription;
			sourceTree = "<group>";
		};
		CEEB8E0D23D748040004AA60 /* QBMEvent */ = {
			isa = PBXGroup;
			children = (
				CEEB8E0E23D748040004AA60 /* QBMEvent+QBSerializer.h */,
				CEEB8E0F23D748040004AA60 /* QBMEvent+QBSerializer.m */,
			);
			path = QBMEvent;
			sourceTree = "<group>";
		};
		CEEB8E1023D748040004AA60 /* QBSession */ = {
			isa = PBXGroup;
			children = (
				CEEB8E1123D748040004AA60 /* QBSession+QBSerializer.m */,
				CEEB8E1223D748040004AA60 /* QBSession+QBSerializer.h */,
			);
			path = QBSession;
			sourceTree = "<group>";
		};
		CEEB8E1323D748040004AA60 /* QBRTCSession */ = {
			isa = PBXGroup;
			children = (
				CEEB8E1423D748040004AA60 /* QBRTCSession+QBSerializer.h */,
				CEEB8E1523D748040004AA60 /* QBRTCSession+QBSerializer.m */,
			);
			path = QBRTCSession;
			sourceTree = "<group>";
		};
		CEEB8E1723D748040004AA60 /* QBUser */ = {
			isa = PBXGroup;
			children = (
				CEEB8E1823D748040004AA60 /* QBUUser+QBSerializer.h */,
				CEEB8E1923D748040004AA60 /* QBUUser+QBSerializer.m */,
			);
			path = QBUser;
			sourceTree = "<group>";
		};
		CEEB8E1C23D748040004AA60 /* QBDialog */ = {
			isa = PBXGroup;
			children = (
				CEEB8E1D23D748040004AA60 /* QBChatDialog+QBSerializer.m */,
				CEEB8E1E23D748040004AA60 /* QBChatDialog+QBSerializer.h */,
			);
			path = QBDialog;
			sourceTree = "<group>";
		};
		CEEB8E1F23D748040004AA60 /* QBCustomObject */ = {
			isa = PBXGroup;
			children = (
				CEEB8E2023D748040004AA60 /* QBCOCustomObject+QBSerializer.m */,
				CEEB8E2123D748040004AA60 /* QBCOCustomObject+QBSerializer.h */,
			);
			path = QBCustomObject;
			sourceTree = "<group>";
		};
		CEEB8E2323D748040004AA60 /* Extentions */ = {
			isa = PBXGroup;
			children = (
				CEEB8E2423D748040004AA60 /* NSDate+Helper.m */,
				CEEB8E2523D748040004AA60 /* NSError+Helper.m */,
				CEEB8E2623D748040004AA60 /* QBResponse+Helper.h */,
				CEEB8E2723D748040004AA60 /* NSDate+Helper.h */,
				CEEB8E2823D748040004AA60 /* NSError+Helper.h */,
				CEEB8E2923D748040004AA60 /* QBResponse+Helper.m */,
			);
			path = Extentions;
			sourceTree = "<group>";
		};
		CEEB8E2A23D748040004AA60 /* QBCore */ = {
			isa = PBXGroup;
			children = (
				CEEB8E2B23D748040004AA60 /* QBBridgeMethod.h */,
				CEEB8E2C23D748040004AA60 /* QBModule.h */,
				CEEB8E2D23D748040004AA60 /* QBConstants.h */,
				CEEB8E2E23D748040004AA60 /* QBConstants.m */,
				CEEB8E2F23D748040004AA60 /* QBWebRTC */,
				CEEB8E3923D748040004AA60 /* QBEvents */,
				CEEB8E3C23D748040004AA60 /* QBAuth */,
				CEEB8E4123D748040004AA60 /* QBModule.m */,
				CEEB8E4223D748040004AA60 /* QBUsers */,
				CEEB8E4723D748040004AA60 /* QBPushSubscriptions */,
				CEEB8E4A23D748040004AA60 /* QBSettings */,
				CEEB8E4F23D748040004AA60 /* QBCustomObjects */,
				CEEB8E5423D748040004AA60 /* QB */,
				CEEB8E5523D748040004AA60 /* QBFile */,
				CEEB8E5A23D748040004AA60 /* QBChat */,
			);
			path = QBCore;
			sourceTree = "<group>";
		};
		CEEB8E2F23D748040004AA60 /* QBWebRTC */ = {
			isa = PBXGroup;
			children = (
				CEEB8E3023D748040004AA60 /* QBWebRTCVideoView.m */,
				CEEB8E3123D748040004AA60 /* QBWebRTCModule.m */,
				CEEB8E3223D748040004AA60 /* QBWebRTCConstants.m */,
				CEEB8E3323D748040004AA60 /* QBWebRTCSessionController.m */,
				CEEB8E3423D748040004AA60 /* QBWebRTCVideoView.h */,
				CEEB8E3523D748040004AA60 /* QBWebRTCSessionControllerCache.h */,
				CEEB8E3623D748040004AA60 /* QBWebRTCModule.h */,
				CEEB8E3723D748040004AA60 /* QBWebRTCConstants.h */,
				CEEB8E3823D748040004AA60 /* QBWebRTCSessionController.h */,
			);
			path = QBWebRTC;
			sourceTree = "<group>";
		};
		CEEB8E3923D748040004AA60 /* QBEvents */ = {
			isa = PBXGroup;
			children = (
				CEEB8E3A23D748040004AA60 /* QBNotificationEventsModule.h */,
				CEEB8E3B23D748040004AA60 /* QBNotificationEventsModule.m */,
			);
			path = QBEvents;
			sourceTree = "<group>";
		};
		CEEB8E3C23D748040004AA60 /* QBAuth */ = {
			isa = PBXGroup;
			children = (
				CEEB8E3D23D748040004AA60 /* QBAuthModule.h */,
				CEEB8E3E23D748040004AA60 /* QBAuthConstants.h */,
				CEEB8E3F23D748040004AA60 /* QBAuthModule.m */,
				CEEB8E4023D748040004AA60 /* QBAuthConstants.m */,
			);
			path = QBAuth;
			sourceTree = "<group>";
		};
		CEEB8E4223D748040004AA60 /* QBUsers */ = {
			isa = PBXGroup;
			children = (
				CEEB8E4323D748040004AA60 /* QBUsersModule.m */,
				CEEB8E4423D748040004AA60 /* QBUsersConstants.m */,
				CEEB8E4523D748040004AA60 /* QBUsersModule.h */,
				CEEB8E4623D748040004AA60 /* QBUsersConstants.h */,
			);
			path = QBUsers;
			sourceTree = "<group>";
		};
		CEEB8E4723D748040004AA60 /* QBPushSubscriptions */ = {
			isa = PBXGroup;
			children = (
				CEEB8E4823D748040004AA60 /* QBPushSubscriptionsModule.h */,
				CEEB8E4923D748040004AA60 /* QBPushSubscriptionsModule.m */,
			);
			path = QBPushSubscriptions;
			sourceTree = "<group>";
		};
		CEEB8E4A23D748040004AA60 /* QBSettings */ = {
			isa = PBXGroup;
			children = (
				CEEB8E4B23D748040004AA60 /* QBSettingsModule.h */,
				CEEB8E4C23D748040004AA60 /* QBSettingsConstants.h */,
				CEEB8E4D23D748040004AA60 /* QBSettingsModule.m */,
				CEEB8E4E23D748040004AA60 /* QBSettingsConstants.m */,
			);
			path = QBSettings;
			sourceTree = "<group>";
		};
		CEEB8E4F23D748040004AA60 /* QBCustomObjects */ = {
			isa = PBXGroup;
			children = (
				CEEB8E5023D748040004AA60 /* QBCustomObjectsConstants.h */,
				CEEB8E5123D748040004AA60 /* QBCustomObjectsModule.m */,
				CEEB8E5223D748040004AA60 /* QBCustomObjectsModule.h */,
				CEEB8E5323D748040004AA60 /* QBCustomObjectsConstants.m */,
			);
			path = QBCustomObjects;
			sourceTree = "<group>";
		};
		CEEB8E5423D748040004AA60 /* QB */ = {
			isa = PBXGroup;
			children = (
			);
			path = QB;
			sourceTree = "<group>";
		};
		CEEB8E5523D748040004AA60 /* QBFile */ = {
			isa = PBXGroup;
			children = (
				CEEB8E5623D748040004AA60 /* QBFileConstants.h */,
				CEEB8E5723D748040004AA60 /* QBFileModule.h */,
				CEEB8E5823D748040004AA60 /* QBFileModule.m */,
				CEEB8E5923D748040004AA60 /* QBFileConstants.m */,
			);
			path = QBFile;
			sourceTree = "<group>";
		};
		CEEB8E5A23D748040004AA60 /* QBChat */ = {
			isa = PBXGroup;
			children = (
				CEEB8E5B23D748040004AA60 /* QBChatModule.m */,
				CEEB8E5C23D748040004AA60 /* QBChatModule+Connection.h */,
				CEEB8E5D23D748040004AA60 /* QBChatModule+Ping.h */,
				CEEB8E5E23D748040004AA60 /* QBDialogListener.m */,
				CEEB8E5F23D748040004AA60 /* QBChatConstants.h */,
				CEEB8E6023D748040004AA60 /* QBChatModule+Messages.h */,
				CEEB8E6123D748040004AA60 /* QBChatModule+Typing.m */,
				CEEB8E6223D748040004AA60 /* QBChatModule+Dialogs.m */,
				CEEB8E6323D748040004AA60 /* QBChatModule+Connection.m */,
				CEEB8E6423D748040004AA60 /* QBChatModule.h */,
				CEEB8E6523D748040004AA60 /* QBDialogListener.h */,
				CEEB8E6623D748040004AA60 /* QBChatModule+Ping.m */,
				CEEB8E6723D748040004AA60 /* QBChatModule+Typing.h */,
				CEEB8E6823D748040004AA60 /* QBChatModule+Messages.m */,
				CEEB8E6923D748040004AA60 /* QBChatConstants.m */,
				CEEB8E6A23D748040004AA60 /* QBChatModule+Dialogs.h */,
			);
			path = QBChat;
			sourceTree = "<group>";
		};
/* End PBXGroup section */

/* Begin PBXNativeTarget section */
		58B511DA1A9E6C8500147676 /* RNQbReactnative */ = {
			isa = PBXNativeTarget;
			buildConfigurationList = 58B511EF1A9E6C8500147676 /* Build configuration list for PBXNativeTarget "RNQbReactnative" */;
			buildPhases = (
				58B511D71A9E6C8500147676 /* Sources */,
				58B511D81A9E6C8500147676 /* Frameworks */,
				58B511D91A9E6C8500147676 /* CopyFiles */,
			);
			buildRules = (
			);
			dependencies = (
			);
			name = RNQbReactnative;
			productName = RCTDataManager;
			productReference = 134814201AA4EA6300B7C361 /* libRNQbReactnative.a */;
			productType = "com.apple.product-type.library.static";
		};
/* End PBXNativeTarget section */

/* Begin PBXProject section */
		58B511D31A9E6C8500147676 /* Project object */ = {
			isa = PBXProject;
			attributes = {
				LastUpgradeCheck = 0830;
				ORGANIZATIONNAME = Facebook;
				TargetAttributes = {
					58B511DA1A9E6C8500147676 = {
						CreatedOnToolsVersion = 6.1.1;
					};
				};
			};
			buildConfigurationList = 58B511D61A9E6C8500147676 /* Build configuration list for PBXProject "RNQbReactnative" */;
			compatibilityVersion = "Xcode 3.2";
			developmentRegion = English;
			hasScannedForEncodings = 0;
			knownRegions = (
				English,
				en,
			);
			mainGroup = 58B511D21A9E6C8500147676;
			productRefGroup = 58B511D21A9E6C8500147676;
			projectDirPath = "";
			projectRoot = "";
			targets = (
				58B511DA1A9E6C8500147676 /* RNQbReactnative */,
			);
		};
/* End PBXProject section */

/* Begin PBXSourcesBuildPhase section */
		58B511D71A9E6C8500147676 /* Sources */ = {
			isa = PBXSourcesBuildPhase;
			buildActionMask = 2147483647;
			files = (
				CEEB8E7823D748040004AA60 /* QBGeneralResponsePage+QBSerializer.m in Sources */,
				CEEB8E7323D748040004AA60 /* QBModule+ReactEmitter.m in Sources */,
				CEEB8E6D23D748040004AA60 /* QBAuthModule+React.m in Sources */,
				CEEB8E9D23D748040004AA60 /* QBChatModule+Typing.m in Sources */,
				CEEB8E8423D748040004AA60 /* QBChatDialog+QBSerializer.m in Sources */,
				CEEB8E7D23D748040004AA60 /* QBResponsePage+QBSerializer.m in Sources */,
				CEEB8EA023D748040004AA60 /* QBChatModule+Ping.m in Sources */,
				CEEB8E7723D748040004AA60 /* QBChatAttachment+QBSerializer.m in Sources */,
				CEEB8E7023D748040004AA60 /* QBWebRTCModule+React.m in Sources */,
				CEEB8E8923D748040004AA60 /* QBConstants.m in Sources */,
				CEEB8E7E23D748040004AA60 /* QBMSubscription+QBSerializer.m in Sources */,
				CEEB8E9623D748040004AA60 /* QBSettingsConstants.m in Sources */,
				CEEB8E8C23D748040004AA60 /* QBWebRTCConstants.m in Sources */,
				CEEB8E9323D748040004AA60 /* QBUsersConstants.m in Sources */,
				CEEB8E7423D748040004AA60 /* QBUsersModule+React.m in Sources */,
				CEEB8E8223D748040004AA60 /* QBUUser+QBSerializer.m in Sources */,
				CEEB8E7123D748040004AA60 /* QBCustomObjectsModule+React.m in Sources */,
				CEEB8E9123D748040004AA60 /* QBModule.m in Sources */,
				CEEB8E7A23D748040004AA60 /* QBChatMessage+QBSerializer.m in Sources */,
				CEEB8E8623D748040004AA60 /* NSDate+Helper.m in Sources */,
				CEEB8E7923D748040004AA60 /* NSArray+QBSerializer.m in Sources */,
				CEEB8E6C23D748040004AA60 /* RNQBWebRTCView.m in Sources */,
				CEEB8E8023D748040004AA60 /* QBSession+QBSerializer.m in Sources */,
				CEEB8E8123D748040004AA60 /* QBRTCSession+QBSerializer.m in Sources */,
				CEEB8E9C23D748040004AA60 /* QBDialogListener.m in Sources */,
				CEEB8E8823D748040004AA60 /* QBResponse+Helper.m in Sources */,
				CEEB8E9023D748040004AA60 /* QBAuthConstants.m in Sources */,
				CEEB8E7B23D748040004AA60 /* QBCBlob+QBSerializer.m in Sources */,
				CEEB8EA123D748040004AA60 /* QBChatModule+Messages.m in Sources */,
				CEEB8E8D23D748040004AA60 /* QBWebRTCSessionController.m in Sources */,
				CEEB8E7F23D748040004AA60 /* QBMEvent+QBSerializer.m in Sources */,
				CEEB8E9523D748040004AA60 /* QBSettingsModule.m in Sources */,
				CEEB8E9823D748040004AA60 /* QBCustomObjectsConstants.m in Sources */,
				CEEB8E7523D748040004AA60 /* QBNotificationEventsModule+React.m in Sources */,
				CEEB8E8723D748040004AA60 /* NSError+Helper.m in Sources */,
				CEEB8E9F23D748040004AA60 /* QBChatModule+Connection.m in Sources */,
				CEEB8EA223D748040004AA60 /* QBChatConstants.m in Sources */,
				CEEB8E8523D748040004AA60 /* QBCOCustomObject+QBSerializer.m in Sources */,
				CEEB8E6E23D748040004AA60 /* QBChatModule+React.m in Sources */,
				CEEB8E9223D748040004AA60 /* QBUsersModule.m in Sources */,
				CEEB8E9423D748040004AA60 /* QBPushSubscriptionsModule.m in Sources */,
				CEEB8E6B23D748040004AA60 /* QBFileModule+React.m in Sources */,
				CEEB8E8E23D748040004AA60 /* QBNotificationEventsModule.m in Sources */,
				CEEB8E9723D748040004AA60 /* QBCustomObjectsModule.m in Sources */,
				CEEB8E8F23D748040004AA60 /* QBAuthModule.m in Sources */,
				CEEB8E8A23D748040004AA60 /* QBWebRTCVideoView.m in Sources */,
				CEEB8E6F23D748040004AA60 /* QBPushSubscriptionsModule+React.m in Sources */,
				CEEB8E9B23D748040004AA60 /* QBChatModule.m in Sources */,
				CEEB8E9923D748040004AA60 /* QBFileModule.m in Sources */,
				CEEB8E8B23D748040004AA60 /* QBWebRTCModule.m in Sources */,
				CEEB8E7C23D748040004AA60 /* NSDictionary+QBSerializer.m in Sources */,
				CEEB8E9A23D748040004AA60 /* QBFileConstants.m in Sources */,
				CEEB8E9E23D748040004AA60 /* QBChatModule+Dialogs.m in Sources */,
				CEEB8E8323D748040004AA60 /* NSObject+QBSerializer.m in Sources */,
				CEEB8E7623D748040004AA60 /* QBModule+React.m in Sources */,
				CEEB8E7223D748040004AA60 /* QBSettingsModule+React.m in Sources */,
			);
			runOnlyForDeploymentPostprocessing = 0;
		};
/* End PBXSourcesBuildPhase section */

/* Begin XCBuildConfiguration section */
		58B511ED1A9E6C8500147676 /* Debug */ = {
			isa = XCBuildConfiguration;
			buildSettings = {
				ALWAYS_SEARCH_USER_PATHS = NO;
				CLANG_CXX_LANGUAGE_STANDARD = "gnu++0x";
				CLANG_CXX_LIBRARY = "libc++";
				CLANG_ENABLE_MODULES = YES;
				CLANG_ENABLE_OBJC_ARC = YES;
				CLANG_WARN_BOOL_CONVERSION = YES;
				CLANG_WARN_CONSTANT_CONVERSION = YES;
				CLANG_WARN_DIRECT_OBJC_ISA_USAGE = YES_ERROR;
				CLANG_WARN_EMPTY_BODY = YES;
				CLANG_WARN_ENUM_CONVERSION = YES;
				CLANG_WARN_INFINITE_RECURSION = YES;
				CLANG_WARN_INT_CONVERSION = YES;
				CLANG_WARN_OBJC_ROOT_CLASS = YES_ERROR;
				CLANG_WARN_SUSPICIOUS_MOVE = YES;
				CLANG_WARN_UNREACHABLE_CODE = YES;
				CLANG_WARN__DUPLICATE_METHOD_MATCH = YES;
				COPY_PHASE_STRIP = NO;
				ENABLE_STRICT_OBJC_MSGSEND = YES;
				ENABLE_TESTABILITY = YES;
				GCC_C_LANGUAGE_STANDARD = gnu99;
				GCC_DYNAMIC_NO_PIC = NO;
				GCC_NO_COMMON_BLOCKS = YES;
				GCC_OPTIMIZATION_LEVEL = 0;
				GCC_PREPROCESSOR_DEFINITIONS = (
					"DEBUG=1",
					"$(inherited)",
				);
				GCC_SYMBOLS_PRIVATE_EXTERN = NO;
				GCC_WARN_64_TO_32_BIT_CONVERSION = YES;
				GCC_WARN_ABOUT_RETURN_TYPE = YES_ERROR;
				GCC_WARN_UNDECLARED_SELECTOR = YES;
				GCC_WARN_UNINITIALIZED_AUTOS = YES_AGGRESSIVE;
				GCC_WARN_UNUSED_FUNCTION = YES;
				GCC_WARN_UNUSED_VARIABLE = YES;
				IPHONEOS_DEPLOYMENT_TARGET = 8.0;
				MTL_ENABLE_DEBUG_INFO = YES;
				ONLY_ACTIVE_ARCH = YES;
				SDKROOT = iphoneos;
			};
			name = Debug;
		};
		58B511EE1A9E6C8500147676 /* Release */ = {
			isa = XCBuildConfiguration;
			buildSettings = {
				ALWAYS_SEARCH_USER_PATHS = NO;
				CLANG_CXX_LANGUAGE_STANDARD = "gnu++0x";
				CLANG_CXX_LIBRARY = "libc++";
				CLANG_ENABLE_MODULES = YES;
				CLANG_ENABLE_OBJC_ARC = YES;
				CLANG_WARN_BOOL_CONVERSION = YES;
				CLANG_WARN_CONSTANT_CONVERSION = YES;
				CLANG_WARN_DIRECT_OBJC_ISA_USAGE = YES_ERROR;
				CLANG_WARN_EMPTY_BODY = YES;
				CLANG_WARN_ENUM_CONVERSION = YES;
				CLANG_WARN_INFINITE_RECURSION = YES;
				CLANG_WARN_INT_CONVERSION = YES;
				CLANG_WARN_OBJC_ROOT_CLASS = YES_ERROR;
				CLANG_WARN_SUSPICIOUS_MOVE = YES;
				CLANG_WARN_UNREACHABLE_CODE = YES;
				CLANG_WARN__DUPLICATE_METHOD_MATCH = YES;
				COPY_PHASE_STRIP = YES;
				ENABLE_NS_ASSERTIONS = NO;
				ENABLE_STRICT_OBJC_MSGSEND = YES;
				GCC_C_LANGUAGE_STANDARD = gnu99;
				GCC_NO_COMMON_BLOCKS = YES;
				GCC_WARN_64_TO_32_BIT_CONVERSION = YES;
				GCC_WARN_ABOUT_RETURN_TYPE = YES_ERROR;
				GCC_WARN_UNDECLARED_SELECTOR = YES;
				GCC_WARN_UNINITIALIZED_AUTOS = YES_AGGRESSIVE;
				GCC_WARN_UNUSED_FUNCTION = YES;
				GCC_WARN_UNUSED_VARIABLE = YES;
				IPHONEOS_DEPLOYMENT_TARGET = 8.0;
				MTL_ENABLE_DEBUG_INFO = NO;
				SDKROOT = iphoneos;
				VALIDATE_PRODUCT = YES;
			};
			name = Release;
		};
		58B511F01A9E6C8500147676 /* Debug */ = {
			isa = XCBuildConfiguration;
			buildSettings = {
				HEADER_SEARCH_PATHS = (
					"$(inherited)",
					/Applications/Xcode.app/Contents/Developer/Toolchains/XcodeDefault.xctoolchain/usr/include,
					"$(SRCROOT)/../../../React/**",
					"$(SRCROOT)/../../react-native/React/**",
				);
				LIBRARY_SEARCH_PATHS = "$(inherited)";
				OTHER_LDFLAGS = "-ObjC";
				PRODUCT_NAME = RNQbReactnative;
				SKIP_INSTALL = YES;
			};
			name = Debug;
		};
		58B511F11A9E6C8500147676 /* Release */ = {
			isa = XCBuildConfiguration;
			buildSettings = {
				HEADER_SEARCH_PATHS = (
					"$(inherited)",
					/Applications/Xcode.app/Contents/Developer/Toolchains/XcodeDefault.xctoolchain/usr/include,
					"$(SRCROOT)/../../../React/**",
					"$(SRCROOT)/../../react-native/React/**",
				);
				LIBRARY_SEARCH_PATHS = "$(inherited)";
				OTHER_LDFLAGS = "-ObjC";
				PRODUCT_NAME = RNQbReactnative;
				SKIP_INSTALL = YES;
			};
			name = Release;
		};
/* End XCBuildConfiguration section */

/* Begin XCConfigurationList section */
		58B511D61A9E6C8500147676 /* Build configuration list for PBXProject "RNQbReactnative" */ = {
			isa = XCConfigurationList;
			buildConfigurations = (
				58B511ED1A9E6C8500147676 /* Debug */,
				58B511EE1A9E6C8500147676 /* Release */,
			);
			defaultConfigurationIsVisible = 0;
			defaultConfigurationName = Release;
		};
		58B511EF1A9E6C8500147676 /* Build configuration list for PBXNativeTarget "RNQbReactnative" */ = {
			isa = XCConfigurationList;
			buildConfigurations = (
				58B511F01A9E6C8500147676 /* Debug */,
				58B511F11A9E6C8500147676 /* Release */,
			);
			defaultConfigurationIsVisible = 0;
			defaultConfigurationName = Release;
		};
/* End XCConfigurationList section */
	};
	rootObject = 58B511D31A9E6C8500147676 /* Project object */;
}
